
Microsoft Visual Studio Solution File, Format Version 12.00
# Visual Studio 15
VisualStudioVersion = 15.0.27703.2026
MinimumVisualStudioVersion = 10.0.40219.1
Project("{FAE04EC0-301F-11D3-BF4B-00C04F79EFBC}") = "Altantis_CalculationEngineEP", "Altantis_CalculationEngineEP\Altantis_CalculationEngineEP.csproj", "{4B0D24EB-C325-4E8C-B923-5A47B14868FE}"
EndProject
Project("{FAE04EC0-301F-11D3-BF4B-00C04F79EFBC}") = "CalculationEngine", "CalculationEngine\CalculationEngine.csproj", "{31019257-CC32-4D3F-AEBB-35EE9A4D3494}"
EndProject
Project("{FAE04EC0-301F-11D3-BF4B-00C04F79EFBC}") = "Test", "Test\Test.csproj", "{EE477214-572E-4446-B554-6D7658A42671}"
EndProject
Global
	GlobalSection(SolutionConfigurationPlatforms) = preSolution
		Debug|Any CPU = Debug|Any CPU
		Release|Any CPU = Release|Any CPU
	EndGlobalSection
	GlobalSection(ProjectConfigurationPlatforms) = postSolution
		{4B0D24EB-C325-4E8C-B923-5A47B14868FE}.Debug|Any CPU.ActiveCfg = Debug|Any CPU
		{4B0D24EB-C325-4E8C-B923-5A47B14868FE}.Debug|Any CPU.Build.0 = Debug|Any CPU
		{4B0D24EB-C325-4E8C-B923-5A47B14868FE}.Release|Any CPU.ActiveCfg = Release|Any CPU
		{4B0D24EB-C325-4E8C-B923-5A47B14868FE}.Release|Any CPU.Build.0 = Release|Any CPU
		{31019257-CC32-4D3F-AEBB-35EE9A4D3494}.Debug|Any CPU.ActiveCfg = Debug|Any CPU
		{31019257-CC32-4D3F-AEBB-35EE9A4D3494}.Debug|Any CPU.Build.0 = Debug|Any CPU
		{31019257-CC32-4D3F-AEBB-35EE9A4D3494}.Release|Any CPU.ActiveCfg = Release|Any CPU
		{31019257-CC32-4D3F-AEBB-35EE9A4D3494}.Release|Any CPU.Build.0 = Release|Any CPU
		{EE477214-572E-4446-B554-6D7658A42671}.Debug|Any CPU.ActiveCfg = Debug|Any CPU
		{EE477214-572E-4446-B554-6D7658A42671}.Debug|Any CPU.Build.0 = Debug|Any CPU
		{EE477214-572E-4446-B554-6D7658A42671}.Release|Any CPU.ActiveCfg = Release|Any CPU
		{EE477214-572E-4446-B554-6D7658A42671}.Release|Any CPU.Build.0 = Release|Any CPU
	EndGlobalSection
	GlobalSection(SolutionProperties) = preSolution
		HideSolutionNode = FALSE
	EndGlobalSection
	GlobalSection(ExtensibilityGlobals) = postSolution
		SolutionGuid = {322B8ED7-14B8-4649-836C-3F88DDB94C6C}
	EndGlobalSection
EndGlobal
